
Microsoft Visual Studio Solution File, Format Version 12.00
# Visual Studio Version 17
VisualStudioVersion = 17.13.35931.197 d17.13
MinimumVisualStudioVersion = 10.0.40219.1
Project("{FAE04EC0-301F-11D3-BF4B-00C04F79EFBC}") = "ServiceM1", "ServiceM1\ServiceM1.csproj", "{C525BD72-42F0-65FF-F750-2E6839196AE0}"
EndProject
Project("{FAE04EC0-301F-11D3-BF4B-00C04F79EFBC}") = "QueueZoo.AppHost", "QueueZoo.AppHost\QueueZoo.AppHost.csproj", "{8B98FF81-BD9B-4A30-949B-64055DADA7D6}"
EndProject
Project("{FAE04EC0-301F-11D3-BF4B-00C04F79EFBC}") = "QueueZoo.ServiceDefaults", "QueueZoo.ServiceDefaults\QueueZoo.ServiceDefaults.csproj", "{8BA2B44C-B09C-7E58-814A-094CABD426A3}"
EndProject
Project("{FAE04EC0-301F-11D3-BF4B-00C04F79EFBC}") = "ServiceM2", "ServiceM2\ServiceM2.csproj", "{7BF26202-DB49-C57C-5BE8-ADCABC9E2242}"
EndProject
Global
	GlobalSection(SolutionConfigurationPlatforms) = preSolution
		Debug|Any CPU = Debug|Any CPU
		Release|Any CPU = Release|Any CPU
	EndGlobalSection
	GlobalSection(ProjectConfigurationPlatforms) = postSolution
		{C525BD72-42F0-65FF-F750-2E6839196AE0}.Debug|Any CPU.ActiveCfg = Debug|Any CPU
		{C525BD72-42F0-65FF-F750-2E6839196AE0}.Debug|Any CPU.Build.0 = Debug|Any CPU
		{C525BD72-42F0-65FF-F750-2E6839196AE0}.Release|Any CPU.ActiveCfg = Release|Any CPU
		{C525BD72-42F0-65FF-F750-2E6839196AE0}.Release|Any CPU.Build.0 = Release|Any CPU
		{8B98FF81-BD9B-4A30-949B-64055DADA7D6}.Debug|Any CPU.ActiveCfg = Debug|Any CPU
		{8B98FF81-BD9B-4A30-949B-64055DADA7D6}.Debug|Any CPU.Build.0 = Debug|Any CPU
		{8B98FF81-BD9B-4A30-949B-64055DADA7D6}.Release|Any CPU.ActiveCfg = Release|Any CPU
		{8B98FF81-BD9B-4A30-949B-64055DADA7D6}.Release|Any CPU.Build.0 = Release|Any CPU
		{8BA2B44C-B09C-7E58-814A-094CABD426A3}.Debug|Any CPU.ActiveCfg = Debug|Any CPU
		{8BA2B44C-B09C-7E58-814A-094CABD426A3}.Debug|Any CPU.Build.0 = Debug|Any CPU
		{8BA2B44C-B09C-7E58-814A-094CABD426A3}.Release|Any CPU.ActiveCfg = Release|Any CPU
		{8BA2B44C-B09C-7E58-814A-094CABD426A3}.Release|Any CPU.Build.0 = Release|Any CPU
		{7BF26202-DB49-C57C-5BE8-ADCABC9E2242}.Debug|Any CPU.ActiveCfg = Debug|Any CPU
		{7BF26202-DB49-C57C-5BE8-ADCABC9E2242}.Debug|Any CPU.Build.0 = Debug|Any CPU
		{7BF26202-DB49-C57C-5BE8-ADCABC9E2242}.Release|Any CPU.ActiveCfg = Release|Any CPU
		{7BF26202-DB49-C57C-5BE8-ADCABC9E2242}.Release|Any CPU.Build.0 = Release|Any CPU
	EndGlobalSection
	GlobalSection(SolutionProperties) = preSolution
		HideSolutionNode = FALSE
	EndGlobalSection
	GlobalSection(ExtensibilityGlobals) = postSolution
		SolutionGuid = {260E5F76-89E2-4240-83E1-7027C3B615E0}
	EndGlobalSection
EndGlobal
